{
  "nodes": {
    "ble-thermometer-scan": {
      "inputs": {
        "flake-utils": "flake-utils",
        "nixpkgs": "nixpkgs"
      },
      "locked": {
        "lastModified": 1646602315,
        "narHash": "sha256-nXDUA1/E/cZ/Oe+02HopVKSU/AQIJeQ2Zu2Z0f0/b9I=",
        "owner": "kaiju",
        "repo": "ble-thermometer-scan",
        "rev": "0c4eb0c3f1d7be02ad4f7111f797c7083de426cb",
        "type": "github"
      },
      "original": {
        "owner": "kaiju",
        "repo": "ble-thermometer-scan",
        "type": "github"
      }
    },
    "flake-compat": {
      "flake": false,
      "locked": {
        "lastModified": 1650374568,
        "narHash": "sha256-Z+s0J8/r907g149rllvwhb4pKi8Wam5ij0st8PwAh+E=",
        "owner": "edolstra",
        "repo": "flake-compat",
        "rev": "b4a34015c698c7793d592d66adbab377907a2be8",
        "type": "github"
      },
      "original": {
        "owner": "edolstra",
        "repo": "flake-compat",
        "type": "github"
      }
    },
    "flake-utils": {
      "locked": {
        "lastModified": 1644229661,
        "narHash": "sha256-1YdnJAsNy69bpcjuoKdOYQX0YxZBiCYZo4Twxerqv7k=",
        "owner": "numtide",
        "repo": "flake-utils",
        "rev": "3cecb5b042f7f209c56ffd8371b2711a290ec797",
        "type": "github"
      },
      "original": {
        "owner": "numtide",
        "repo": "flake-utils",
        "type": "github"
      }
    },
    "flake-utils_2": {
      "locked": {
        "lastModified": 1653893745,
        "narHash": "sha256-0jntwV3Z8//YwuOjzhV2sgJJPt+HY6KhU7VZUL0fKZQ=",
        "owner": "numtide",
        "repo": "flake-utils",
        "rev": "1ed9fb1935d260de5fe1c2f7ee0ebaae17ed2fa1",
        "type": "github"
      },
      "original": {
        "owner": "numtide",
        "repo": "flake-utils",
        "type": "github"
      }
    },
    "home-manager": {
      "inputs": {
        "flake-compat": "flake-compat",
        "nixpkgs": [
          "nixpkgs"
        ],
        "nmd": "nmd",
        "nmt": "nmt",
        "utils": "utils"
      },
      "locked": {
        "lastModified": 1655928858,
        "narHash": "sha256-qVOcb7WVDiqs2yseZwCZRsKT0be8bF3NZufdBZVvZXU=",
        "owner": "nix-community",
        "repo": "home-manager",
        "rev": "e622bad16372aa5ada79a7fa749ec78715dffc54",
        "type": "github"
      },
      "original": {
        "owner": "nix-community",
        "repo": "home-manager",
        "type": "github"
      }
    },
    "my-pkgs": {
      "inputs": {
        "ble-thermometer-scan": "ble-thermometer-scan",
        "flake-utils": "flake-utils_2",
        "nixpkgs": [
          "nixpkgs"
        ]
      },
      "locked": {
        "narHash": "sha256-RikDpcNs7AS+sNjrZKtxQurqtw/r7+zIBwu0a2v6pVs=",
        "path": "./packages",
        "type": "path"
      },
      "original": {
        "path": "./packages",
        "type": "path"
      }
    },
    "nixos-hardware": {
      "locked": {
        "lastModified": 1655789751,
        "narHash": "sha256-DbL2gn7YwkuX10OdlWfZ/A7zEJztwHh9NMeau1JMTdk=",
        "owner": "NixOS",
        "repo": "nixos-hardware",
        "rev": "f9d8dff4e621f2d7f2b84d9e84bc6359715f971c",
        "type": "github"
      },
      "original": {
        "owner": "NixOS",
        "repo": "nixos-hardware",
        "type": "github"
      }
    },
    "nixpkgs": {
      "locked": {
        "lastModified": 1646254136,
        "narHash": "sha256-8nQx02tTzgYO21BP/dy5BCRopE8OwE8Drsw98j+Qoaw=",
        "owner": "NixOS",
        "repo": "nixpkgs",
        "rev": "3e072546ea98db00c2364b81491b893673267827",
        "type": "github"
      },
      "original": {
        "id": "nixpkgs",
        "ref": "nixos-unstable",
        "type": "indirect"
      }
    },
    "nixpkgs_2": {
      "locked": {
        "lastModified": 1655895887,
        "narHash": "sha256-AbihSVmPKFcQmaVgzNSLQ8sLAaVTTELPSzZ+/gRVfyk=",
        "owner": "NixOS",
        "repo": "nixpkgs",
        "rev": "e1e08fe28bf0588a41cd556eac40b98d2793da99",
        "type": "github"
      },
      "original": {
        "id": "nixpkgs",
        "ref": "nixos-unstable",
        "type": "indirect"
      }
    },
    "nmd": {
      "flake": false,
      "locked": {
        "lastModified": 1653339422,
        "narHash": "sha256-RNLq09vfj21TyYuUCeD6BNTNC6Ew8bLhQULZytN4Xx8=",
        "owner": "rycee",
        "repo": "nmd",
        "rev": "91dee681dd1c478d6040a00835d73c0f4a4c5c29",
        "type": "gitlab"
      },
      "original": {
        "owner": "rycee",
        "repo": "nmd",
        "type": "gitlab"
      }
    },
    "nmt": {
      "flake": false,
      "locked": {
        "lastModified": 1648075362,
        "narHash": "sha256-u36WgzoA84dMVsGXzml4wZ5ckGgfnvS0ryzo/3zn/Pc=",
        "owner": "rycee",
        "repo": "nmt",
        "rev": "d83601002c99b78c89ea80e5e6ba21addcfe12ae",
        "type": "gitlab"
      },
      "original": {
        "owner": "rycee",
        "repo": "nmt",
        "type": "gitlab"
      }
    },
    "root": {
      "inputs": {
        "home-manager": "home-manager",
        "my-pkgs": "my-pkgs",
        "nixos-hardware": "nixos-hardware",
        "nixpkgs": "nixpkgs_2"
      }
    },
    "utils": {
      "locked": {
        "lastModified": 1653893745,
        "narHash": "sha256-0jntwV3Z8//YwuOjzhV2sgJJPt+HY6KhU7VZUL0fKZQ=",
        "owner": "numtide",
        "repo": "flake-utils",
        "rev": "1ed9fb1935d260de5fe1c2f7ee0ebaae17ed2fa1",
        "type": "github"
      },
      "original": {
        "owner": "numtide",
        "repo": "flake-utils",
        "type": "github"
      }
    }
  },
  "root": "root",
  "version": 7
}
